Microsoft Visual Studio Solution File, Format Version 12.00
# Visual Studio Version 17
VisualStudioVersion = 17.5.2.0
MinimumVisualStudioVersion = 10.0.40219.1
Project("{FAE04EC0-301F-11D3-BF4B-00C04F79EFBC}") = "sangu", "sangu.csproj", "{A9EAD99C-093A-5849-7399-E3FC11C36272}"
EndProject
Global
	GlobalSection(SolutionConfigurationPlatforms) = preSolution
		Debug|Any CPU = Debug|Any CPU
		Release|Any CPU = Release|Any CPU
	EndGlobalSection
	GlobalSection(ProjectConfigurationPlatforms) = postSolution
		{A9EAD99C-093A-5849-7399-E3FC11C36272}.Debug|Any CPU.ActiveCfg = Debug|Any CPU
		{A9EAD99C-093A-5849-7399-E3FC11C36272}.Debug|Any CPU.Build.0 = Debug|Any CPU
		{A9EAD99C-093A-5849-7399-E3FC11C36272}.Release|Any CPU.ActiveCfg = Release|Any CPU
		{A9EAD99C-093A-5849-7399-E3FC11C36272}.Release|Any CPU.Build.0 = Release|Any CPU
	EndGlobalSection
	GlobalSection(SolutionProperties) = preSolution
		HideSolutionNode = FALSE
	EndGlobalSection
	GlobalSection(ExtensibilityGlobals) = postSolution
		SolutionGuid = {A8B505FE-1F9C-484B-B4EF-6A9127479968}
	EndGlobalSection
EndGlobal
